# Fully-pinned production dependency set for reproducible image builds.
# Generated from pyproject.toml — DO NOT edit by hand. Regenerate with:
#   .venv/bin/python -m piptools compile --strip-extras --no-header \
#       --output-file requirements.lock pyproject.toml
# Install in the runtime image with: pip install --no-deps -r requirements.lock
#
alembic==1.18.4
    # via clean-room-legal-clm-backend (pyproject.toml)
amqp==5.3.1
    # via kombu
annotated-doc==0.0.4
    # via
    #   fastapi
    #   typer
annotated-types==0.7.0
    # via pydantic
anthropic==0.105.2
    # via clean-room-legal-clm-backend (pyproject.toml)
anyio==4.13.0
    # via
    #   anthropic
    #   httpx
    #   reductoai
    #   starlette
    #   watchfiles
bcrypt==5.0.0
    # via clean-room-legal-clm-backend (pyproject.toml)
billiard==4.2.4
    # via celery
boto3==1.43.22
    # via clean-room-legal-clm-backend (pyproject.toml)
botocore==1.43.22
    # via
    #   boto3
    #   s3transfer
celery==5.6.3
    # via
    #   clean-room-legal-clm-backend (pyproject.toml)
    #   sentry-sdk
certifi==2026.5.20
    # via
    #   httpcore
    #   httpx
    #   requests
    #   sentry-sdk
cffi==2.0.0
    # via cryptography
charset-normalizer==3.4.7
    # via requests
click==8.4.1
    # via
    #   celery
    #   click-didyoumean
    #   click-plugins
    #   click-repl
    #   huggingface-hub
    #   typer
    #   uvicorn
click-didyoumean==0.3.1
    # via celery
click-plugins==1.1.1.2
    # via celery
click-repl==0.3.0
    # via celery
cryptography==48.0.0
    # via pyjwt
deprecated==1.3.1
    # via limits
distro==1.9.0
    # via
    #   anthropic
    #   reductoai
dnspython==2.8.0
    # via email-validator
docstring-parser==0.18.0
    # via anthropic
email-validator==2.3.0
    # via clean-room-legal-clm-backend (pyproject.toml)
et-xmlfile==2.0.0
    # via openpyxl
fastapi==0.136.3
    # via
    #   clean-room-legal-clm-backend (pyproject.toml)
    #   sentry-sdk
fastembed==0.8.0
    # via clean-room-legal-clm-backend (pyproject.toml)
filelock==3.29.1
    # via huggingface-hub
flatbuffers==25.12.19
    # via onnxruntime
fsspec==2026.4.0
    # via huggingface-hub
gunicorn==26.0.0
    # via clean-room-legal-clm-backend (pyproject.toml)
h11==0.16.0
    # via
    #   httpcore
    #   uvicorn
hf-xet==1.5.0
    # via huggingface-hub
httpcore==1.0.9
    # via httpx
httptools==0.8.0
    # via uvicorn
httpx==0.28.1
    # via
    #   anthropic
    #   clean-room-legal-clm-backend (pyproject.toml)
    #   huggingface-hub
    #   reductoai
huggingface-hub==1.17.0
    # via
    #   fastembed
    #   tokenizers
idna==3.18
    # via
    #   anyio
    #   email-validator
    #   httpx
    #   requests
jiter==0.15.0
    # via anthropic
jmespath==1.1.0
    # via
    #   boto3
    #   botocore
kombu==5.6.2
    # via celery
limits==5.8.0
    # via slowapi
loguru==0.7.3
    # via fastembed
lxml==6.1.1
    # via python-docx
mako==1.3.12
    # via alembic
markdown-it-py==4.2.0
    # via rich
markupsafe==3.0.3
    # via mako
mdurl==0.1.2
    # via markdown-it-py
mmh3==5.2.1
    # via fastembed
numpy==2.4.6
    # via
    #   fastembed
    #   onnxruntime
    #   pgvector
onnxruntime==1.26.0
    # via fastembed
openpyxl==3.1.5
    # via clean-room-legal-clm-backend (pyproject.toml)
packaging==26.2
    # via
    #   gunicorn
    #   huggingface-hub
    #   kombu
    #   limits
    #   onnxruntime
pgvector==0.4.2
    # via clean-room-legal-clm-backend (pyproject.toml)
pillow==12.2.0
    # via fastembed
prometheus-client==0.25.0
    # via prometheus-fastapi-instrumentator
prometheus-fastapi-instrumentator==8.0.0
    # via clean-room-legal-clm-backend (pyproject.toml)
prompt-toolkit==3.0.52
    # via click-repl
protobuf==7.35.0
    # via onnxruntime
psycopg==3.3.4
    # via clean-room-legal-clm-backend (pyproject.toml)
psycopg-binary==3.3.4
    # via psycopg
py-rust-stemmers==0.1.8
    # via fastembed
pybreaker==1.4.1
    # via clean-room-legal-clm-backend (pyproject.toml)
pycparser==3.0
    # via cffi
pydantic==2.13.4
    # via
    #   anthropic
    #   clean-room-legal-clm-backend (pyproject.toml)
    #   fastapi
    #   pydantic-settings
    #   reductoai
pydantic-core==2.46.4
    # via pydantic
pydantic-settings==2.14.1
    # via clean-room-legal-clm-backend (pyproject.toml)
pygments==2.20.0
    # via rich
pyjwt==2.13.0
    # via clean-room-legal-clm-backend (pyproject.toml)
pypdf==6.12.2
    # via clean-room-legal-clm-backend (pyproject.toml)
python-dateutil==2.9.0.post0
    # via
    #   botocore
    #   celery
python-docx==1.2.0
    # via clean-room-legal-clm-backend (pyproject.toml)
python-dotenv==1.2.2
    # via
    #   pydantic-settings
    #   uvicorn
python-magic==0.4.27
    # via clean-room-legal-clm-backend (pyproject.toml)
python-multipart==0.0.30
    # via clean-room-legal-clm-backend (pyproject.toml)
pyyaml==6.0.3
    # via
    #   huggingface-hub
    #   uvicorn
rapidfuzz==3.14.5
    # via clean-room-legal-clm-backend (pyproject.toml)
redis==6.4.0
    # via
    #   clean-room-legal-clm-backend (pyproject.toml)
    #   kombu
reductoai==0.22.0
    # via clean-room-legal-clm-backend (pyproject.toml)
requests==2.34.2
    # via fastembed
rich==15.0.0
    # via typer
s3transfer==0.18.0
    # via boto3
sentry-sdk==2.61.1
    # via clean-room-legal-clm-backend (pyproject.toml)
shellingham==1.5.4
    # via typer
six==1.17.0
    # via python-dateutil
slowapi==0.1.9
    # via clean-room-legal-clm-backend (pyproject.toml)
sniffio==1.3.1
    # via
    #   anthropic
    #   reductoai
sqlalchemy==2.0.50
    # via
    #   alembic
    #   clean-room-legal-clm-backend (pyproject.toml)
    #   sentry-sdk
starlette==1.2.1
    # via
    #   fastapi
    #   prometheus-fastapi-instrumentator
tenacity==9.1.4
    # via clean-room-legal-clm-backend (pyproject.toml)
tokenizers==0.23.1
    # via fastembed
tqdm==4.67.3
    # via
    #   fastembed
    #   huggingface-hub
typer==0.25.1
    # via huggingface-hub
typing-extensions==4.15.0
    # via
    #   alembic
    #   anthropic
    #   anyio
    #   fastapi
    #   huggingface-hub
    #   limits
    #   psycopg
    #   pydantic
    #   pydantic-core
    #   python-docx
    #   reductoai
    #   sqlalchemy
    #   starlette
    #   typing-inspection
typing-inspection==0.4.2
    # via
    #   fastapi
    #   pydantic
    #   pydantic-settings
tzdata==2026.2
    # via kombu
tzlocal==5.3.1
    # via celery
urllib3==2.7.0
    # via
    #   botocore
    #   requests
    #   sentry-sdk
uvicorn==0.49.0
    # via clean-room-legal-clm-backend (pyproject.toml)
uvloop==0.22.1
    # via uvicorn
vine==5.1.0
    # via
    #   amqp
    #   celery
    #   kombu
watchfiles==1.2.0
    # via uvicorn
wcwidth==0.7.0
    # via prompt-toolkit
websockets==16.0
    # via uvicorn
wrapt==2.2.1
    # via deprecated
